
Microsoft Visual Studio Solution File, Format Version 12.00
# Visual Studio Version 16
VisualStudioVersion = 16.0.32630.194
MinimumVisualStudioVersion = 10.0.40219.1
Project("{FAE04EC0-301F-11D3-BF4B-00C04F79EFBC}") = "kodechallenge", "kodechallenge\kodechallenge.csproj", "{6CACE340-BCE4-479A-8F05-0C7A739E4C27}"
EndProject
Global
	GlobalSection(SolutionConfigurationPlatforms) = preSolution
		Debug|Any CPU = Debug|Any CPU
		Release|Any CPU = Release|Any CPU
	EndGlobalSection
	GlobalSection(ProjectConfigurationPlatforms) = postSolution
		{6CACE340-BCE4-479A-8F05-0C7A739E4C27}.Debug|Any CPU.ActiveCfg = Debug|Any CPU
		{6CACE340-BCE4-479A-8F05-0C7A739E4C27}.Debug|Any CPU.Build.0 = Debug|Any CPU
		{6CACE340-BCE4-479A-8F05-0C7A739E4C27}.Release|Any CPU.ActiveCfg = Release|Any CPU
		{6CACE340-BCE4-479A-8F05-0C7A739E4C27}.Release|Any CPU.Build.0 = Release|Any CPU
	EndGlobalSection
	GlobalSection(SolutionProperties) = preSolution
		HideSolutionNode = FALSE
	EndGlobalSection
	GlobalSection(ExtensibilityGlobals) = postSolution
		SolutionGuid = {01BAA39C-083B-4617-94BF-658554E7A000}
	EndGlobalSection
EndGlobal
